// !$*UTF8*$!
{
	archiveVersion = 1;
	classes = {
	};
	objectVersion = 56;
	objects = {

/* Begin PBXBuildFile section */
		B31010D62BF8B0F400A0EB35 /* SavePomodoroAppApp.swift in Sources */ = {isa = PBXBuildFile; fileRef = B31010D52BF8B0F400A0EB35 /* SavePomodoroAppApp.swift */; };
		B31010D82BF8B0F400A0EB35 /* ContentView.swift in Sources */ = {isa = PBXBuildFile; fileRef = B31010D72BF8B0F400A0EB35 /* ContentView.swift */; };
		B31010DC2BF8B0F600A0EB35 /* Assets.xcassets in Resources */ = {isa = PBXBuildFile; fileRef = B31010DB2BF8B0F600A0EB35 /* Assets.xcassets */; };
		B31010DF2BF8B0F600A0EB35 /* Preview Assets.xcassets in Resources */ = {isa = PBXBuildFile; fileRef = B31010DE2BF8B0F600A0EB35 /* Preview Assets.xcassets */; };
		B31010E62BF8B17B00A0EB35 /* PomodoroItem.swift in Sources */ = {isa = PBXBuildFile; fileRef = B31010E52BF8B17B00A0EB35 /* PomodoroItem.swift */; };
		B31011022BFBB2A800A0EB35 /* ProjectsView.swift in Sources */ = {isa = PBXBuildFile; fileRef = B31011012BFBB2A800A0EB35 /* ProjectsView.swift */; };
		B31011042BFBB32E00A0EB35 /* ProjectItem.swift in Sources */ = {isa = PBXBuildFile; fileRef = B31011032BFBB32E00A0EB35 /* ProjectItem.swift */; };
		B31011062BFBB52000A0EB35 /* ProjectView.swift in Sources */ = {isa = PBXBuildFile; fileRef = B31011052BFBB52000A0EB35 /* ProjectView.swift */; };
		B31011082BFBC07B00A0EB35 /* PomodoriView.swift in Sources */ = {isa = PBXBuildFile; fileRef = B31011072BFBC07B00A0EB35 /* PomodoriView.swift */; };
		B310110A2BFBC13200A0EB35 /* PomodoroView.swift in Sources */ = {isa = PBXBuildFile; fileRef = B31011092BFBC13200A0EB35 /* PomodoroView.swift */; };
/* End PBXBuildFile section */

/* Begin PBXFileReference section */
		B31010D22BF8B0F400A0EB35 /* SavePomodoroApp.app */ = {isa = PBXFileReference; explicitFileType = wrapper.application; includeInIndex = 0; path = SavePomodoroApp.app; sourceTree = BUILT_PRODUCTS_DIR; };
		B31010D52BF8B0F400A0EB35 /* SavePomodoroAppApp.swift */ = {isa = PBXFileReference; lastKnownFileType = sourcecode.swift; path = SavePomodoroAppApp.swift; sourceTree = "<group>"; };
		B31010D72BF8B0F400A0EB35 /* ContentView.swift */ = {isa = PBXFileReference; lastKnownFileType = sourcecode.swift; path = ContentView.swift; sourceTree = "<group>"; };
		B31010DB2BF8B0F600A0EB35 /* Assets.xcassets */ = {isa = PBXFileReference; lastKnownFileType = folder.assetcatalog; path = Assets.xcassets; sourceTree = "<group>"; };
		B31010DE2BF8B0F600A0EB35 /* Preview Assets.xcassets */ = {isa = PBXFileReference; lastKnownFileType = folder.assetcatalog; path = "Preview Assets.xcassets"; sourceTree = "<group>"; };
		B31010E52BF8B17B00A0EB35 /* PomodoroItem.swift */ = {isa = PBXFileReference; lastKnownFileType = sourcecode.swift; path = PomodoroItem.swift; sourceTree = "<group>"; };
		B31011012BFBB2A800A0EB35 /* ProjectsView.swift */ = {isa = PBXFileReference; lastKnownFileType = sourcecode.swift; path = ProjectsView.swift; sourceTree = "<group>"; };
		B31011032BFBB32E00A0EB35 /* ProjectItem.swift */ = {isa = PBXFileReference; lastKnownFileType = sourcecode.swift; path = ProjectItem.swift; sourceTree = "<group>"; };
		B31011052BFBB52000A0EB35 /* ProjectView.swift */ = {isa = PBXFileReference; lastKnownFileType = sourcecode.swift; path = ProjectView.swift; sourceTree = "<group>"; };
		B31011072BFBC07B00A0EB35 /* PomodoriView.swift */ = {isa = PBXFileReference; lastKnownFileType = sourcecode.swift; path = PomodoriView.swift; sourceTree = "<group>"; };
		B31011092BFBC13200A0EB35 /* PomodoroView.swift */ = {isa = PBXFileReference; lastKnownFileType = sourcecode.swift; path = PomodoroView.swift; sourceTree = "<group>"; };
/* End PBXFileReference section */

/* Begin PBXFrameworksBuildPhase section */
		B31010CF2BF8B0F400A0EB35 /* Frameworks */ = {
			isa = PBXFrameworksBuildPhase;
			buildActionMask = 2147483647;
			files = (
			);
			runOnlyForDeploymentPostprocessing = 0;
		};
/* End PBXFrameworksBuildPhase section */

/* Begin PBXGroup section */
		B31010C92BF8B0F400A0EB35 = {
			isa = PBXGroup;
			children = (
				B31010D42BF8B0F400A0EB35 /* SavePomodoroApp */,
				B31010D32BF8B0F400A0EB35 /* Products */,
			);
			sourceTree = "<group>";
		};
		B31010D32BF8B0F400A0EB35 /* Products */ = {
			isa = PBXGroup;
			children = (
				B31010D22BF8B0F400A0EB35 /* SavePomodoroApp.app */,
			);
			name = Products;
			sourceTree = "<group>";
		};
		B31010D42BF8B0F400A0EB35 /* SavePomodoroApp */ = {
			isa = PBXGroup;
			children = (
				B31010E52BF8B17B00A0EB35 /* PomodoroItem.swift */,
				B31011092BFBC13200A0EB35 /* PomodoroView.swift */,
				B31011052BFBB52000A0EB35 /* ProjectView.swift */,
				B31010D52BF8B0F400A0EB35 /* SavePomodoroAppApp.swift */,
				B31011012BFBB2A800A0EB35 /* ProjectsView.swift */,
				B31010D72BF8B0F400A0EB35 /* ContentView.swift */,
				B31011032BFBB32E00A0EB35 /* ProjectItem.swift */,
				B31011072BFBC07B00A0EB35 /* PomodoriView.swift */,
				B31010DB2BF8B0F600A0EB35 /* Assets.xcassets */,
				B31010DD2BF8B0F600A0EB35 /* Preview Content */,
			);
			path = SavePomodoroApp;
			sourceTree = "<group>";
		};
		B31010DD2BF8B0F600A0EB35 /* Preview Content */ = {
			isa = PBXGroup;
			children = (
				B31010DE2BF8B0F600A0EB35 /* Preview Assets.xcassets */,
			);
			path = "Preview Content";
			sourceTree = "<group>";
		};
/* End PBXGroup section */

/* Begin PBXNativeTarget section */
		B31010D12BF8B0F400A0EB35 /* SavePomodoroApp */ = {
			isa = PBXNativeTarget;
			buildConfigurationList = B31010E22BF8B0F600A0EB35 /* Build configuration list for PBXNativeTarget "SavePomodoroApp" */;
			buildPhases = (
				B31010CE2BF8B0F400A0EB35 /* Sources */,
				B31010CF2BF8B0F400A0EB35 /* Frameworks */,
				B31010D02BF8B0F400A0EB35 /* Resources */,
			);
			buildRules = (
			);
			dependencies = (
			);
			name = SavePomodoroApp;
			productName = SavePomodoroApp;
			productReference = B31010D22BF8B0F400A0EB35 /* SavePomodoroApp.app */;
			productType = "com.apple.product-type.application";
		};
/* End PBXNativeTarget section */

/* Begin PBXProject section */
		B31010CA2BF8B0F400A0EB35 /* Project object */ = {
			isa = PBXProject;
			attributes = {
				BuildIndependentTargetsInParallel = 1;
				LastSwiftUpdateCheck = 1530;
				LastUpgradeCheck = 1530;
				TargetAttributes = {
					B31010D12BF8B0F400A0EB35 = {
						CreatedOnToolsVersion = 15.3;
					};
				};
			};
			buildConfigurationList = B31010CD2BF8B0F400A0EB35 /* Build configuration list for PBXProject "SavePomodoroApp" */;
			compatibilityVersion = "Xcode 14.0";
			developmentRegion = en;
			hasScannedForEncodings = 0;
			knownRegions = (
				en,
				Base,
			);
			mainGroup = B31010C92BF8B0F400A0EB35;
			productRefGroup = B31010D32BF8B0F400A0EB35 /* Products */;
			projectDirPath = "";
			projectRoot = "";
			targets = (
				B31010D12BF8B0F400A0EB35 /* SavePomodoroApp */,
			);
		};
/* End PBXProject section */

/* Begin PBXResourcesBuildPhase section */
		B31010D02BF8B0F400A0EB35 /* Resources */ = {
			isa = PBXResourcesBuildPhase;
			buildActionMask = 2147483647;
			files = (
				B31010DF2BF8B0F600A0EB35 /* Preview Assets.xcassets in Resources */,
				B31010DC2BF8B0F600A0EB35 /* Assets.xcassets in Resources */,
			);
			runOnlyForDeploymentPostprocessing = 0;
		};
/* End PBXResourcesBuildPhase section */

/* Begin PBXSourcesBuildPhase section */
		B31010CE2BF8B0F400A0EB35 /* Sources */ = {
			isa = PBXSourcesBuildPhase;
			buildActionMask = 2147483647;
			files = (
				B310110A2BFBC13200A0EB35 /* PomodoroView.swift in Sources */,
				B31011022BFBB2A800A0EB35 /* ProjectsView.swift in Sources */,
				B31011082BFBC07B00A0EB35 /* PomodoriView.swift in Sources */,
				B31010D82BF8B0F400A0EB35 /* ContentView.swift in Sources */,
				B31010D62BF8B0F400A0EB35 /* SavePomodoroAppApp.swift in Sources */,
				B31011062BFBB52000A0EB35 /* ProjectView.swift in Sources */,
				B31011042BFBB32E00A0EB35 /* ProjectItem.swift in Sources */,
				B31010E62BF8B17B00A0EB35 /* PomodoroItem.swift in Sources */,
			);
			runOnlyForDeploymentPostprocessing = 0;
		};
/* End PBXSourcesBuildPhase section */

/* Begin XCBuildConfiguration section */
		B31010E02BF8B0F600A0EB35 /* Debug */ = {
			isa = XCBuildConfiguration;
			buildSettings = {
				ALWAYS_SEARCH_USER_PATHS = NO;
				ASSETCATALOG_COMPILER_GENERATE_SWIFT_ASSET_SYMBOL_EXTENSIONS = YES;
				CLANG_ANALYZER_NONNULL = YES;
				CLANG_ANALYZER_NUMBER_OBJECT_CONVERSION = YES_AGGRESSIVE;
				CLANG_CXX_LANGUAGE_STANDARD = "gnu++20";
				CLANG_ENABLE_MODULES = YES;
				CLANG_ENABLE_OBJC_ARC = YES;
				CLANG_ENABLE_OBJC_WEAK = YES;
				CLANG_WARN_BLOCK_CAPTURE_AUTORELEASING = YES;
				CLANG_WARN_BOOL_CONVERSION = YES;
				CLANG_WARN_COMMA = YES;
				CLANG_WARN_CONSTANT_CONVERSION = YES;
				CLANG_WARN_DEPRECATED_OBJC_IMPLEMENTATIONS = YES;
				CLANG_WARN_DIRECT_OBJC_ISA_USAGE = YES_ERROR;
				CLANG_WARN_DOCUMENTATION_COMMENTS = YES;
				CLANG_WARN_EMPTY_BODY = YES;
				CLANG_WARN_ENUM_CONVERSION = YES;
				CLANG_WARN_INFINITE_RECURSION = YES;
				CLANG_WARN_INT_CONVERSION = YES;
				CLANG_WARN_NON_LITERAL_NULL_CONVERSION = YES;
				CLANG_WARN_OBJC_IMPLICIT_RETAIN_SELF = YES;
				CLANG_WARN_OBJC_LITERAL_CONVERSION = YES;
				CLANG_WARN_OBJC_ROOT_CLASS = YES_ERROR;
				CLANG_WARN_QUOTED_INCLUDE_IN_FRAMEWORK_HEADER = YES;
				CLANG_WARN_RANGE_LOOP_ANALYSIS = YES;
				CLANG_WARN_STRICT_PROTOTYPES = YES;
				CLANG_WARN_SUSPICIOUS_MOVE = YES;
				CLANG_WARN_UNGUARDED_AVAILABILITY = YES_AGGRESSIVE;
				CLANG_WARN_UNREACHABLE_CODE = YES;
				CLANG_WARN__DUPLICATE_METHOD_MATCH = YES;
				COPY_PHASE_STRIP = NO;
				DEBUG_INFORMATION_FORMAT = dwarf;
				ENABLE_STRICT_OBJC_MSGSEND = YES;
				ENABLE_TESTABILITY = YES;
				ENABLE_USER_SCRIPT_SANDBOXING = YES;
				GCC_C_LANGUAGE_STANDARD = gnu17;
				GCC_DYNAMIC_NO_PIC = NO;
				GCC_NO_COMMON_BLOCKS = YES;
				GCC_OPTIMIZATION_LEVEL = 0;
				GCC_PREPROCESSOR_DEFINITIONS = (
					"DEBUG=1",
					"$(inherited)",
				);
				GCC_WARN_64_TO_32_BIT_CONVERSION = YES;
				GCC_WARN_ABOUT_RETURN_TYPE = YES_ERROR;
				GCC_WARN_UNDECLARED_SELECTOR = YES;
				GCC_WARN_UNINITIALIZED_AUTOS = YES_AGGRESSIVE;
				GCC_WARN_UNUSED_FUNCTION = YES;
				GCC_WARN_UNUSED_VARIABLE = YES;
				IPHONEOS_DEPLOYMENT_TARGET = 17.4;
				LOCALIZATION_PREFERS_STRING_CATALOGS = YES;
				MTL_ENABLE_DEBUG_INFO = INCLUDE_SOURCE;
				MTL_FAST_MATH = YES;
				ONLY_ACTIVE_ARCH = YES;
				SDKROOT = iphoneos;
				SWIFT_ACTIVE_COMPILATION_CONDITIONS = "DEBUG $(inherited)";
				SWIFT_OPTIMIZATION_LEVEL = "-Onone";
			};
			name = Debug;
		};
		B31010E12BF8B0F600A0EB35 /* Release */ = {
			isa = XCBuildConfiguration;
			buildSettings = {
				ALWAYS_SEARCH_USER_PATHS = NO;
				ASSETCATALOG_COMPILER_GENERATE_SWIFT_ASSET_SYMBOL_EXTENSIONS = YES;
				CLANG_ANALYZER_NONNULL = YES;
				CLANG_ANALYZER_NUMBER_OBJECT_CONVERSION = YES_AGGRESSIVE;
				CLANG_CXX_LANGUAGE_STANDARD = "gnu++20";
				CLANG_ENABLE_MODULES = YES;
				CLANG_ENABLE_OBJC_ARC = YES;
				CLANG_ENABLE_OBJC_WEAK = YES;
				CLANG_WARN_BLOCK_CAPTURE_AUTORELEASING = YES;
				CLANG_WARN_BOOL_CONVERSION = YES;
				CLANG_WARN_COMMA = YES;
				CLANG_WARN_CONSTANT_CONVERSION = YES;
				CLANG_WARN_DEPRECATED_OBJC_IMPLEMENTATIONS = YES;
				CLANG_WARN_DIRECT_OBJC_ISA_USAGE = YES_ERROR;
				CLANG_WARN_DOCUMENTATION_COMMENTS = YES;
				CLANG_WARN_EMPTY_BODY = YES;
				CLANG_WARN_ENUM_CONVERSION = YES;
				CLANG_WARN_INFINITE_RECURSION = YES;
				CLANG_WARN_INT_CONVERSION = YES;
				CLANG_WARN_NON_LITERAL_NULL_CONVERSION = YES;
				CLANG_WARN_OBJC_IMPLICIT_RETAIN_SELF = YES;
				CLANG_WARN_OBJC_LITERAL_CONVERSION = YES;
				CLANG_WARN_OBJC_ROOT_CLASS = YES_ERROR;
				CLANG_WARN_QUOTED_INCLUDE_IN_FRAMEWORK_HEADER = YES;
				CLANG_WARN_RANGE_LOOP_ANALYSIS = YES;
				CLANG_WARN_STRICT_PROTOTYPES = YES;
				CLANG_WARN_SUSPICIOUS_MOVE = YES;
				CLANG_WARN_UNGUARDED_AVAILABILITY = YES_AGGRESSIVE;
				CLANG_WARN_UNREACHABLE_CODE = YES;
				CLANG_WARN__DUPLICATE_METHOD_MATCH = YES;
				COPY_PHASE_STRIP = NO;
				DEBUG_INFORMATION_FORMAT = "dwarf-with-dsym";
				ENABLE_NS_ASSERTIONS = NO;
				ENABLE_STRICT_OBJC_MSGSEND = YES;
				ENABLE_USER_SCRIPT_SANDBOXING = YES;
				GCC_C_LANGUAGE_STANDARD = gnu17;
				GCC_NO_COMMON_BLOCKS = YES;
				GCC_WARN_64_TO_32_BIT_CONVERSION = YES;
				GCC_WARN_ABOUT_RETURN_TYPE = YES_ERROR;
				GCC_WARN_UNDECLARED_SELECTOR = YES;
				GCC_WARN_UNINITIALIZED_AUTOS = YES_AGGRESSIVE;
				GCC_WARN_UNUSED_FUNCTION = YES;
				GCC_WARN_UNUSED_VARIABLE = YES;
				IPHONEOS_DEPLOYMENT_TARGET = 17.4;
				LOCALIZATION_PREFERS_STRING_CATALOGS = YES;
				MTL_ENABLE_DEBUG_INFO = NO;
				MTL_FAST_MATH = YES;
				SDKROOT = iphoneos;
				SWIFT_COMPILATION_MODE = wholemodule;
				VALIDATE_PRODUCT = YES;
			};
			name = Release;
		};
		B31010E32BF8B0F600A0EB35 /* Debug */ = {
			isa = XCBuildConfiguration;
			buildSettings = {
				ASSETCATALOG_COMPILER_APPICON_NAME = AppIcon;
				ASSETCATALOG_COMPILER_GLOBAL_ACCENT_COLOR_NAME = AccentColor;
				CODE_SIGN_STYLE = Automatic;
				CURRENT_PROJECT_VERSION = 1;
				DEVELOPMENT_ASSET_PATHS = "\"SavePomodoroApp/Preview Content\"";
				DEVELOPMENT_TEAM = AHGUK54A9X;
				ENABLE_PREVIEWS = YES;
				GENERATE_INFOPLIST_FILE = YES;
				INFOPLIST_KEY_UIApplicationSceneManifest_Generation = YES;
				INFOPLIST_KEY_UIApplicationSupportsIndirectInputEvents = YES;
				INFOPLIST_KEY_UILaunchScreen_Generation = YES;
				INFOPLIST_KEY_UISupportedInterfaceOrientations_iPad = "UIInterfaceOrientationPortrait UIInterfaceOrientationPortraitUpsideDown UIInterfaceOrientationLandscapeLeft UIInterfaceOrientationLandscapeRight";
				INFOPLIST_KEY_UISupportedInterfaceOrientations_iPhone = "UIInterfaceOrientationPortrait UIInterfaceOrientationLandscapeLeft UIInterfaceOrientationLandscapeRight";
				LD_RUNPATH_SEARCH_PATHS = (
					"$(inherited)",
					"@executable_path/Frameworks",
				);
				MARKETING_VERSION = 1.0;
				PRODUCT_BUNDLE_IDENTIFIER = notdefine.dev.SavePomodoroApp;
				PRODUCT_NAME = "$(TARGET_NAME)";
				SWIFT_EMIT_LOC_STRINGS = YES;
				SWIFT_VERSION = 5.0;
				TARGETED_DEVICE_FAMILY = "1,2";
			};
			name = Debug;
		};
		B31010E42BF8B0F600A0EB35 /* Release */ = {
			isa = XCBuildConfiguration;
			buildSettings = {
				ASSETCATALOG_COMPILER_APPICON_NAME = AppIcon;
				ASSETCATALOG_COMPILER_GLOBAL_ACCENT_COLOR_NAME = AccentColor;
				CODE_SIGN_STYLE = Automatic;
				CURRENT_PROJECT_VERSION = 1;
				DEVELOPMENT_ASSET_PATHS = "\"SavePomodoroApp/Preview Content\"";
				DEVELOPMENT_TEAM = AHGUK54A9X;
				ENABLE_PREVIEWS = YES;
				GENERATE_INFOPLIST_FILE = YES;
				INFOPLIST_KEY_UIApplicationSceneManifest_Generation = YES;
				INFOPLIST_KEY_UIApplicationSupportsIndirectInputEvents = YES;
				INFOPLIST_KEY_UILaunchScreen_Generation = YES;
				INFOPLIST_KEY_UISupportedInterfaceOrientations_iPad = "UIInterfaceOrientationPortrait UIInterfaceOrientationPortraitUpsideDown UIInterfaceOrientationLandscapeLeft UIInterfaceOrientationLandscapeRight";
				INFOPLIST_KEY_UISupportedInterfaceOrientations_iPhone = "UIInterfaceOrientationPortrait UIInterfaceOrientationLandscapeLeft UIInterfaceOrientationLandscapeRight";
				LD_RUNPATH_SEARCH_PATHS = (
					"$(inherited)",
					"@executable_path/Frameworks",
				);
				MARKETING_VERSION = 1.0;
				PRODUCT_BUNDLE_IDENTIFIER = notdefine.dev.SavePomodoroApp;
				PRODUCT_NAME = "$(TARGET_NAME)";
				SWIFT_EMIT_LOC_STRINGS = YES;
				SWIFT_VERSION = 5.0;
				TARGETED_DEVICE_FAMILY = "1,2";
			};
			name = Release;
		};
/* End XCBuildConfiguration section */

/* Begin XCConfigurationList section */
		B31010CD2BF8B0F400A0EB35 /* Build configuration list for PBXProject "SavePomodoroApp" */ = {
			isa = XCConfigurationList;
			buildConfigurations = (
				B31010E02BF8B0F600A0EB35 /* Debug */,
				B31010E12BF8B0F600A0EB35 /* Release */,
			);
			defaultConfigurationIsVisible = 0;
			defaultConfigurationName = Release;
		};
		B31010E22BF8B0F600A0EB35 /* Build configuration list for PBXNativeTarget "SavePomodoroApp" */ = {
			isa = XCConfigurationList;
			buildConfigurations = (
				B31010E32BF8B0F600A0EB35 /* Debug */,
				B31010E42BF8B0F600A0EB35 /* Release */,
			);
			defaultConfigurationIsVisible = 0;
			defaultConfigurationName = Release;
		};
/* End XCConfigurationList section */
	};
	rootObject = B31010CA2BF8B0F400A0EB35 /* Project object */;
}
